// !$*UTF8*$!
{
	archiveVersion = 1;
	classes = {
	};
	objectVersion = 50;
	objects = {

/* Begin PBXBuildFile section */
		0C13ADD125DBA0F200A96F43 /* AppDelegate.swift in Sources */ = {isa = PBXBuildFile; fileRef = 0C13ADD025DBA0F200A96F43 /* AppDelegate.swift */; };
		0C13ADD325DBA0F200A96F43 /* SceneDelegate.swift in Sources */ = {isa = PBXBuildFile; fileRef = 0C13ADD225DBA0F200A96F43 /* SceneDelegate.swift */; };
		0C13ADD525DBA0F200A96F43 /* ViewController.swift in Sources */ = {isa = PBXBuildFile; fileRef = 0C13ADD425DBA0F200A96F43 /* ViewController.swift */; };
		0C13ADD825DBA0F200A96F43 /* Main.storyboard in Resources */ = {isa = PBXBuildFile; fileRef = 0C13ADD625DBA0F200A96F43 /* Main.storyboard */; };
		0C13ADDA25DBA0F600A96F43 /* Assets.xcassets in Resources */ = {isa = PBXBuildFile; fileRef = 0C13ADD925DBA0F600A96F43 /* Assets.xcassets */; };
		0C13ADDD25DBA0F600A96F43 /* LaunchScreen.storyboard in Resources */ = {isa = PBXBuildFile; fileRef = 0C13ADDB25DBA0F600A96F43 /* LaunchScreen.storyboard */; };
		0C13ADE825DBA0F600A96F43 /* SignUpFormModelValidatorTests.swift in Sources */ = {isa = PBXBuildFile; fileRef = 0C13ADE725DBA0F600A96F43 /* SignUpFormModelValidatorTests.swift */; };
		0C13ADF325DBA0F700A96F43 /* PhotoAppUITests.swift in Sources */ = {isa = PBXBuildFile; fileRef = 0C13ADF225DBA0F700A96F43 /* PhotoAppUITests.swift */; };
		0C13AE0425DBA10F00A96F43 /* SignUpFormModelValidator.swift in Sources */ = {isa = PBXBuildFile; fileRef = 0C13AE0325DBA10F00A96F43 /* SignUpFormModelValidator.swift */; };
		0C8004AB25FA215A0072E401 /* SignupPresenter.swift in Sources */ = {isa = PBXBuildFile; fileRef = 0C8004AA25FA215A0072E401 /* SignupPresenter.swift */; };
		0C8004B225FA21FB0072E401 /* SignupFormModel.swift in Sources */ = {isa = PBXBuildFile; fileRef = 0C8004AF25FA21FA0072E401 /* SignupFormModel.swift */; };
		0C8004C025FA22F80072E401 /* MockSignupModelValidator.swift in Sources */ = {isa = PBXBuildFile; fileRef = 0C8004BF25FA22F80072E401 /* MockSignupModelValidator.swift */; };
		0C8004C825FA235F0072E401 /* SignupPresenterTests.swift in Sources */ = {isa = PBXBuildFile; fileRef = 0C8004C725FA235F0072E401 /* SignupPresenterTests.swift */; };
		0C8004EA25FA24D20072E401 /* SignupFormModelValidatorProtocol.swift in Sources */ = {isa = PBXBuildFile; fileRef = 0C8004E925FA24D20072E401 /* SignupFormModelValidatorProtocol.swift */; };
		0C8004F625FA36C80072E401 /* MockSignupWebService.swift in Sources */ = {isa = PBXBuildFile; fileRef = 0C8004F525FA36C80072E401 /* MockSignupWebService.swift */; };
		0C8004FB25FA37D10072E401 /* SignupWebServiceProtocol.swift in Sources */ = {isa = PBXBuildFile; fileRef = 0C8004FA25FA37D00072E401 /* SignupWebServiceProtocol.swift */; };
		0C80050025FA498C0072E401 /* MockSignupViewDelegate.swift in Sources */ = {isa = PBXBuildFile; fileRef = 0C8004FF25FA498C0072E401 /* MockSignupViewDelegate.swift */; };
		0C80050525FA4A350072E401 /* SignupViewDelegateProtocol.swift in Sources */ = {isa = PBXBuildFile; fileRef = 0C80050425FA4A350072E401 /* SignupViewDelegateProtocol.swift */; };
		0C9A0EE725DFC9A000EE267F /* SignUpWebService.swift in Sources */ = {isa = PBXBuildFile; fileRef = 0C9A0EE625DFC9A000EE267F /* SignUpWebService.swift */; };
		0C9A0EEC25DFCA5200EE267F /* SignupFormRequestModel.swift in Sources */ = {isa = PBXBuildFile; fileRef = 0C9A0EEB25DFCA5200EE267F /* SignupFormRequestModel.swift */; };
		0C9A0EF125DFEBC300EE267F /* SignupResponseModel.swift in Sources */ = {isa = PBXBuildFile; fileRef = 0C9A0EF025DFEBC300EE267F /* SignupResponseModel.swift */; };
		0C9A0EF625DFEC1E00EE267F /* SignupError.swift in Sources */ = {isa = PBXBuildFile; fileRef = 0C9A0EF525DFEC1E00EE267F /* SignupError.swift */; };
		0C9A0F1725E505DB00EE267F /* MockingURLProtocol.swift in Sources */ = {isa = PBXBuildFile; fileRef = 0C9A0F1625E505DB00EE267F /* MockingURLProtocol.swift */; };
		0CAD2FBF25DCEBF3007A092C /* SignupConstants.swift in Sources */ = {isa = PBXBuildFile; fileRef = 0CAD2FBE25DCEBF3007A092C /* SignupConstants.swift */; };
		0CAD2FC325DCEC87007A092C /* SignupConstants.swift in Sources */ = {isa = PBXBuildFile; fileRef = 0CAD2FBE25DCEBF3007A092C /* SignupConstants.swift */; };
		0CAD303125DE71E2007A092C /* SignUpWebServiceTests.swift in Sources */ = {isa = PBXBuildFile; fileRef = 0CAD303025DE71E1007A092C /* SignUpWebServiceTests.swift */; };
/* End PBXBuildFile section */

/* Begin PBXContainerItemProxy section */
		0C13ADE425DBA0F600A96F43 /* PBXContainerItemProxy */ = {
			isa = PBXContainerItemProxy;
			containerPortal = 0C13ADC525DBA0F200A96F43 /* Project object */;
			proxyType = 1;
			remoteGlobalIDString = 0C13ADCC25DBA0F200A96F43;
			remoteInfo = PhotoApp;
		};
		0C13ADEF25DBA0F700A96F43 /* PBXContainerItemProxy */ = {
			isa = PBXContainerItemProxy;
			containerPortal = 0C13ADC525DBA0F200A96F43 /* Project object */;
			proxyType = 1;
			remoteGlobalIDString = 0C13ADCC25DBA0F200A96F43;
			remoteInfo = PhotoApp;
		};
/* End PBXContainerItemProxy section */

/* Begin PBXFileReference section */
		0C13ADCD25DBA0F200A96F43 /* PhotoApp.app */ = {isa = PBXFileReference; explicitFileType = wrapper.application; includeInIndex = 0; path = PhotoApp.app; sourceTree = BUILT_PRODUCTS_DIR; };
		0C13ADD025DBA0F200A96F43 /* AppDelegate.swift */ = {isa = PBXFileReference; lastKnownFileType = sourcecode.swift; path = AppDelegate.swift; sourceTree = "<group>"; };
		0C13ADD225DBA0F200A96F43 /* SceneDelegate.swift */ = {isa = PBXFileReference; lastKnownFileType = sourcecode.swift; path = SceneDelegate.swift; sourceTree = "<group>"; };
		0C13ADD425DBA0F200A96F43 /* ViewController.swift */ = {isa = PBXFileReference; lastKnownFileType = sourcecode.swift; path = ViewController.swift; sourceTree = "<group>"; };
		0C13ADD725DBA0F200A96F43 /* Base */ = {isa = PBXFileReference; lastKnownFileType = file.storyboard; name = Base; path = Base.lproj/Main.storyboard; sourceTree = "<group>"; };
		0C13ADD925DBA0F600A96F43 /* Assets.xcassets */ = {isa = PBXFileReference; lastKnownFileType = folder.assetcatalog; path = Assets.xcassets; sourceTree = "<group>"; };
		0C13ADDC25DBA0F600A96F43 /* Base */ = {isa = PBXFileReference; lastKnownFileType = file.storyboard; name = Base; path = Base.lproj/LaunchScreen.storyboard; sourceTree = "<group>"; };
		0C13ADDE25DBA0F600A96F43 /* Info.plist */ = {isa = PBXFileReference; lastKnownFileType = text.plist.xml; path = Info.plist; sourceTree = "<group>"; };
		0C13ADE325DBA0F600A96F43 /* PhotoAppTests.xctest */ = {isa = PBXFileReference; explicitFileType = wrapper.cfbundle; includeInIndex = 0; path = PhotoAppTests.xctest; sourceTree = BUILT_PRODUCTS_DIR; };
		0C13ADE725DBA0F600A96F43 /* SignUpFormModelValidatorTests.swift */ = {isa = PBXFileReference; lastKnownFileType = sourcecode.swift; path = SignUpFormModelValidatorTests.swift; sourceTree = "<group>"; };
		0C13ADE925DBA0F600A96F43 /* Info.plist */ = {isa = PBXFileReference; lastKnownFileType = text.plist.xml; path = Info.plist; sourceTree = "<group>"; };
		0C13ADEE25DBA0F700A96F43 /* PhotoAppUITests.xctest */ = {isa = PBXFileReference; explicitFileType = wrapper.cfbundle; includeInIndex = 0; path = PhotoAppUITests.xctest; sourceTree = BUILT_PRODUCTS_DIR; };
		0C13ADF225DBA0F700A96F43 /* PhotoAppUITests.swift */ = {isa = PBXFileReference; lastKnownFileType = sourcecode.swift; path = PhotoAppUITests.swift; sourceTree = "<group>"; };
		0C13ADF425DBA0F700A96F43 /* Info.plist */ = {isa = PBXFileReference; lastKnownFileType = text.plist.xml; path = Info.plist; sourceTree = "<group>"; };
		0C13AE0325DBA10F00A96F43 /* SignUpFormModelValidator.swift */ = {isa = PBXFileReference; lastKnownFileType = sourcecode.swift; path = SignUpFormModelValidator.swift; sourceTree = "<group>"; };
		0C8004AA25FA215A0072E401 /* SignupPresenter.swift */ = {isa = PBXFileReference; lastKnownFileType = sourcecode.swift; path = SignupPresenter.swift; sourceTree = "<group>"; };
		0C8004AF25FA21FA0072E401 /* SignupFormModel.swift */ = {isa = PBXFileReference; fileEncoding = 4; lastKnownFileType = sourcecode.swift; path = SignupFormModel.swift; sourceTree = "<group>"; };
		0C8004BF25FA22F80072E401 /* MockSignupModelValidator.swift */ = {isa = PBXFileReference; lastKnownFileType = sourcecode.swift; path = MockSignupModelValidator.swift; sourceTree = "<group>"; };
		0C8004C725FA235F0072E401 /* SignupPresenterTests.swift */ = {isa = PBXFileReference; lastKnownFileType = sourcecode.swift; path = SignupPresenterTests.swift; sourceTree = "<group>"; };
		0C8004E925FA24D20072E401 /* SignupFormModelValidatorProtocol.swift */ = {isa = PBXFileReference; lastKnownFileType = sourcecode.swift; path = SignupFormModelValidatorProtocol.swift; sourceTree = "<group>"; };
		0C8004F525FA36C80072E401 /* MockSignupWebService.swift */ = {isa = PBXFileReference; lastKnownFileType = sourcecode.swift; path = MockSignupWebService.swift; sourceTree = "<group>"; };
		0C8004FA25FA37D00072E401 /* SignupWebServiceProtocol.swift */ = {isa = PBXFileReference; lastKnownFileType = sourcecode.swift; path = SignupWebServiceProtocol.swift; sourceTree = "<group>"; };
		0C8004FF25FA498C0072E401 /* MockSignupViewDelegate.swift */ = {isa = PBXFileReference; lastKnownFileType = sourcecode.swift; path = MockSignupViewDelegate.swift; sourceTree = "<group>"; };
		0C80050425FA4A350072E401 /* SignupViewDelegateProtocol.swift */ = {isa = PBXFileReference; lastKnownFileType = sourcecode.swift; path = SignupViewDelegateProtocol.swift; sourceTree = "<group>"; };
		0C9A0EE625DFC9A000EE267F /* SignUpWebService.swift */ = {isa = PBXFileReference; lastKnownFileType = sourcecode.swift; path = SignUpWebService.swift; sourceTree = "<group>"; };
		0C9A0EEB25DFCA5200EE267F /* SignupFormRequestModel.swift */ = {isa = PBXFileReference; lastKnownFileType = sourcecode.swift; path = SignupFormRequestModel.swift; sourceTree = "<group>"; };
		0C9A0EF025DFEBC300EE267F /* SignupResponseModel.swift */ = {isa = PBXFileReference; lastKnownFileType = sourcecode.swift; path = SignupResponseModel.swift; sourceTree = "<group>"; };
		0C9A0EF525DFEC1E00EE267F /* SignupError.swift */ = {isa = PBXFileReference; lastKnownFileType = sourcecode.swift; path = SignupError.swift; sourceTree = "<group>"; };
		0C9A0F1625E505DB00EE267F /* MockingURLProtocol.swift */ = {isa = PBXFileReference; lastKnownFileType = sourcecode.swift; path = MockingURLProtocol.swift; sourceTree = "<group>"; };
		0CAD2FBE25DCEBF3007A092C /* SignupConstants.swift */ = {isa = PBXFileReference; lastKnownFileType = sourcecode.swift; path = SignupConstants.swift; sourceTree = "<group>"; };
		0CAD303025DE71E1007A092C /* SignUpWebServiceTests.swift */ = {isa = PBXFileReference; lastKnownFileType = sourcecode.swift; path = SignUpWebServiceTests.swift; sourceTree = "<group>"; };
/* End PBXFileReference section */

/* Begin PBXFrameworksBuildPhase section */
		0C13ADCA25DBA0F200A96F43 /* Frameworks */ = {
			isa = PBXFrameworksBuildPhase;
			buildActionMask = 2147483647;
			files = (
			);
			runOnlyForDeploymentPostprocessing = 0;
		};
		0C13ADE025DBA0F600A96F43 /* Frameworks */ = {
			isa = PBXFrameworksBuildPhase;
			buildActionMask = 2147483647;
			files = (
			);
			runOnlyForDeploymentPostprocessing = 0;
		};
		0C13ADEB25DBA0F700A96F43 /* Frameworks */ = {
			isa = PBXFrameworksBuildPhase;
			buildActionMask = 2147483647;
			files = (
			);
			runOnlyForDeploymentPostprocessing = 0;
		};
/* End PBXFrameworksBuildPhase section */

/* Begin PBXGroup section */
		0C13ADC425DBA0F200A96F43 = {
			isa = PBXGroup;
			children = (
				0C13ADCF25DBA0F200A96F43 /* PhotoApp */,
				0C13ADE625DBA0F600A96F43 /* PhotoAppTests */,
				0C13ADF125DBA0F700A96F43 /* PhotoAppUITests */,
				0C13ADCE25DBA0F200A96F43 /* Products */,
			);
			sourceTree = "<group>";
		};
		0C13ADCE25DBA0F200A96F43 /* Products */ = {
			isa = PBXGroup;
			children = (
				0C13ADCD25DBA0F200A96F43 /* PhotoApp.app */,
				0C13ADE325DBA0F600A96F43 /* PhotoAppTests.xctest */,
				0C13ADEE25DBA0F700A96F43 /* PhotoAppUITests.xctest */,
			);
			name = Products;
			sourceTree = "<group>";
		};
		0C13ADCF25DBA0F200A96F43 /* PhotoApp */ = {
			isa = PBXGroup;
			children = (
				0C9A0F0925E4ED1D00EE267F /* Signup */,
				0C13ADD025DBA0F200A96F43 /* AppDelegate.swift */,
				0C13ADD225DBA0F200A96F43 /* SceneDelegate.swift */,
				0C13ADD625DBA0F200A96F43 /* Main.storyboard */,
				0C13ADD925DBA0F600A96F43 /* Assets.xcassets */,
				0C13ADDB25DBA0F600A96F43 /* LaunchScreen.storyboard */,
				0C13ADDE25DBA0F600A96F43 /* Info.plist */,
			);
			path = PhotoApp;
			sourceTree = "<group>";
		};
		0C13ADE625DBA0F600A96F43 /* PhotoAppTests */ = {
			isa = PBXGroup;
			children = (
				0C9A0F0D25E4F06F00EE267F /* Signup */,
				0C13ADE925DBA0F600A96F43 /* Info.plist */,
			);
			path = PhotoAppTests;
			sourceTree = "<group>";
		};
		0C13ADF125DBA0F700A96F43 /* PhotoAppUITests */ = {
			isa = PBXGroup;
			children = (
				0C13ADF225DBA0F700A96F43 /* PhotoAppUITests.swift */,
				0C13ADF425DBA0F700A96F43 /* Info.plist */,
			);
			path = PhotoAppUITests;
			sourceTree = "<group>";
		};
		0C8004A325FA20BE0072E401 /* Presenters */ = {
			isa = PBXGroup;
			children = (
				0C8004C725FA235F0072E401 /* SignupPresenterTests.swift */,
			);
			path = Presenters;
			sourceTree = "<group>";
		};
		0C8004A925FA21320072E401 /* Presenters */ = {
			isa = PBXGroup;
			children = (
				0C8004AA25FA215A0072E401 /* SignupPresenter.swift */,
			);
			path = Presenters;
			sourceTree = "<group>";
		};
		0C8004BE25FA22CC0072E401 /* Mocks */ = {
			isa = PBXGroup;
			children = (
				0C9A0F1625E505DB00EE267F /* MockingURLProtocol.swift */,
				0C8004BF25FA22F80072E401 /* MockSignupModelValidator.swift */,
				0C8004F525FA36C80072E401 /* MockSignupWebService.swift */,
				0C8004FF25FA498C0072E401 /* MockSignupViewDelegate.swift */,
			);
			path = Mocks;
			sourceTree = "<group>";
		};
		0C8004EE25FA24F30072E401 /* Protocols */ = {
			isa = PBXGroup;
			children = (
				0C8004E925FA24D20072E401 /* SignupFormModelValidatorProtocol.swift */,
				0C8004FA25FA37D00072E401 /* SignupWebServiceProtocol.swift */,
				0C80050425FA4A350072E401 /* SignupViewDelegateProtocol.swift */,
			);
			path = Protocols;
			sourceTree = "<group>";
		};
		0C9A0F0925E4ED1D00EE267F /* Signup */ = {
			isa = PBXGroup;
			children = (
				0C8004EE25FA24F30072E401 /* Protocols */,
				0C8004A925FA21320072E401 /* Presenters */,
				0C9A0F0C25E4EDDE00EE267F /* Network */,
				0C9A0F0B25E4ED7D00EE267F /* Controllers */,
				0C9A0F0A25E4ED2E00EE267F /* Models */,
			);
			path = Signup;
			sourceTree = "<group>";
		};
		0C9A0F0A25E4ED2E00EE267F /* Models */ = {
			isa = PBXGroup;
			children = (
				0C8004AF25FA21FA0072E401 /* SignupFormModel.swift */,
				0C13AE0325DBA10F00A96F43 /* SignUpFormModelValidator.swift */,
				0CAD2FBE25DCEBF3007A092C /* SignupConstants.swift */,
				0C9A0EEB25DFCA5200EE267F /* SignupFormRequestModel.swift */,
				0C9A0EF025DFEBC300EE267F /* SignupResponseModel.swift */,
				0C9A0EF525DFEC1E00EE267F /* SignupError.swift */,
			);
			path = Models;
			sourceTree = "<group>";
		};
		0C9A0F0B25E4ED7D00EE267F /* Controllers */ = {
			isa = PBXGroup;
			children = (
				0C13ADD425DBA0F200A96F43 /* ViewController.swift */,
			);
			path = Controllers;
			sourceTree = "<group>";
		};
		0C9A0F0C25E4EDDE00EE267F /* Network */ = {
			isa = PBXGroup;
			children = (
				0C9A0EE625DFC9A000EE267F /* SignUpWebService.swift */,
			);
			path = Network;
			sourceTree = "<group>";
		};
		0C9A0F0D25E4F06F00EE267F /* Signup */ = {
			isa = PBXGroup;
			children = (
				0C8004BE25FA22CC0072E401 /* Mocks */,
				0C8004A325FA20BE0072E401 /* Presenters */,
				0C9A0F0F25E4F08900EE267F /* Network */,
				0C9A0F0E25E4F08000EE267F /* Models */,
			);
			path = Signup;
			sourceTree = "<group>";
		};
		0C9A0F0E25E4F08000EE267F /* Models */ = {
			isa = PBXGroup;
			children = (
				0C13ADE725DBA0F600A96F43 /* SignUpFormModelValidatorTests.swift */,
			);
			path = Models;
			sourceTree = "<group>";
		};
		0C9A0F0F25E4F08900EE267F /* Network */ = {
			isa = PBXGroup;
			children = (
				0CAD303025DE71E1007A092C /* SignUpWebServiceTests.swift */,
			);
			path = Network;
			sourceTree = "<group>";
		};
/* End PBXGroup section */

/* Begin PBXNativeTarget section */
		0C13ADCC25DBA0F200A96F43 /* PhotoApp */ = {
			isa = PBXNativeTarget;
			buildConfigurationList = 0C13ADF725DBA0F700A96F43 /* Build configuration list for PBXNativeTarget "PhotoApp" */;
			buildPhases = (
				0C13ADC925DBA0F200A96F43 /* Sources */,
				0C13ADCA25DBA0F200A96F43 /* Frameworks */,
				0C13ADCB25DBA0F200A96F43 /* Resources */,
			);
			buildRules = (
			);
			dependencies = (
			);
			name = PhotoApp;
			productName = PhotoApp;
			productReference = 0C13ADCD25DBA0F200A96F43 /* PhotoApp.app */;
			productType = "com.apple.product-type.application";
		};
		0C13ADE225DBA0F600A96F43 /* PhotoAppTests */ = {
			isa = PBXNativeTarget;
			buildConfigurationList = 0C13ADFA25DBA0F700A96F43 /* Build configuration list for PBXNativeTarget "PhotoAppTests" */;
			buildPhases = (
				0C13ADDF25DBA0F600A96F43 /* Sources */,
				0C13ADE025DBA0F600A96F43 /* Frameworks */,
				0C13ADE125DBA0F600A96F43 /* Resources */,
			);
			buildRules = (
			);
			dependencies = (
				0C13ADE525DBA0F600A96F43 /* PBXTargetDependency */,
			);
			name = PhotoAppTests;
			productName = PhotoAppTests;
			productReference = 0C13ADE325DBA0F600A96F43 /* PhotoAppTests.xctest */;
			productType = "com.apple.product-type.bundle.unit-test";
		};
		0C13ADED25DBA0F700A96F43 /* PhotoAppUITests */ = {
			isa = PBXNativeTarget;
			buildConfigurationList = 0C13ADFD25DBA0F700A96F43 /* Build configuration list for PBXNativeTarget "PhotoAppUITests" */;
			buildPhases = (
				0C13ADEA25DBA0F700A96F43 /* Sources */,
				0C13ADEB25DBA0F700A96F43 /* Frameworks */,
				0C13ADEC25DBA0F700A96F43 /* Resources */,
			);
			buildRules = (
			);
			dependencies = (
				0C13ADF025DBA0F700A96F43 /* PBXTargetDependency */,
			);
			name = PhotoAppUITests;
			productName = PhotoAppUITests;
			productReference = 0C13ADEE25DBA0F700A96F43 /* PhotoAppUITests.xctest */;
			productType = "com.apple.product-type.bundle.ui-testing";
		};
/* End PBXNativeTarget section */

/* Begin PBXProject section */
		0C13ADC525DBA0F200A96F43 /* Project object */ = {
			isa = PBXProject;
			attributes = {
				LastSwiftUpdateCheck = 1240;
				LastUpgradeCheck = 1240;
				TargetAttributes = {
					0C13ADCC25DBA0F200A96F43 = {
						CreatedOnToolsVersion = 12.4;
					};
					0C13ADE225DBA0F600A96F43 = {
						CreatedOnToolsVersion = 12.4;
						TestTargetID = 0C13ADCC25DBA0F200A96F43;
					};
					0C13ADED25DBA0F700A96F43 = {
						CreatedOnToolsVersion = 12.4;
						TestTargetID = 0C13ADCC25DBA0F200A96F43;
					};
				};
			};
			buildConfigurationList = 0C13ADC825DBA0F200A96F43 /* Build configuration list for PBXProject "PhotoApp" */;
			compatibilityVersion = "Xcode 9.3";
			developmentRegion = en;
			hasScannedForEncodings = 0;
			knownRegions = (
				en,
				Base,
			);
			mainGroup = 0C13ADC425DBA0F200A96F43;
			productRefGroup = 0C13ADCE25DBA0F200A96F43 /* Products */;
			projectDirPath = "";
			projectRoot = "";
			targets = (
				0C13ADCC25DBA0F200A96F43 /* PhotoApp */,
				0C13ADE225DBA0F600A96F43 /* PhotoAppTests */,
				0C13ADED25DBA0F700A96F43 /* PhotoAppUITests */,
			);
		};
/* End PBXProject section */

/* Begin PBXResourcesBuildPhase section */
		0C13ADCB25DBA0F200A96F43 /* Resources */ = {
			isa = PBXResourcesBuildPhase;
			buildActionMask = 2147483647;
			files = (
				0C13ADDD25DBA0F600A96F43 /* LaunchScreen.storyboard in Resources */,
				0C13ADDA25DBA0F600A96F43 /* Assets.xcassets in Resources */,
				0C13ADD825DBA0F200A96F43 /* Main.storyboard in Resources */,
			);
			runOnlyForDeploymentPostprocessing = 0;
		};
		0C13ADE125DBA0F600A96F43 /* Resources */ = {
			isa = PBXResourcesBuildPhase;
			buildActionMask = 2147483647;
			files = (
			);
			runOnlyForDeploymentPostprocessing = 0;
		};
		0C13ADEC25DBA0F700A96F43 /* Resources */ = {
			isa = PBXResourcesBuildPhase;
			buildActionMask = 2147483647;
			files = (
			);
			runOnlyForDeploymentPostprocessing = 0;
		};
/* End PBXResourcesBuildPhase section */

/* Begin PBXSourcesBuildPhase section */
		0C13ADC925DBA0F200A96F43 /* Sources */ = {
			isa = PBXSourcesBuildPhase;
			buildActionMask = 2147483647;
			files = (
				0C9A0EE725DFC9A000EE267F /* SignUpWebService.swift in Sources */,
				0C8004EA25FA24D20072E401 /* SignupFormModelValidatorProtocol.swift in Sources */,
				0C13ADD525DBA0F200A96F43 /* ViewController.swift in Sources */,
				0C9A0EF125DFEBC300EE267F /* SignupResponseModel.swift in Sources */,
				0C13ADD125DBA0F200A96F43 /* AppDelegate.swift in Sources */,
				0C9A0EF625DFEC1E00EE267F /* SignupError.swift in Sources */,
				0C80050525FA4A350072E401 /* SignupViewDelegateProtocol.swift in Sources */,
				0C13AE0425DBA10F00A96F43 /* SignUpFormModelValidator.swift in Sources */,
				0C8004AB25FA215A0072E401 /* SignupPresenter.swift in Sources */,
				0C9A0EEC25DFCA5200EE267F /* SignupFormRequestModel.swift in Sources */,
				0CAD2FBF25DCEBF3007A092C /* SignupConstants.swift in Sources */,
				0C8004FB25FA37D10072E401 /* SignupWebServiceProtocol.swift in Sources */,
				0C13ADD325DBA0F200A96F43 /* SceneDelegate.swift in Sources */,
				0C8004B225FA21FB0072E401 /* SignupFormModel.swift in Sources */,
			);
			runOnlyForDeploymentPostprocessing = 0;
		};
		0C13ADDF25DBA0F600A96F43 /* Sources */ = {
			isa = PBXSourcesBuildPhase;
			buildActionMask = 2147483647;
			files = (
				0C8004C825FA235F0072E401 /* SignupPresenterTests.swift in Sources */,
				0C8004F625FA36C80072E401 /* MockSignupWebService.swift in Sources */,
				0C9A0F1725E505DB00EE267F /* MockingURLProtocol.swift in Sources */,
				0C13ADE825DBA0F600A96F43 /* SignUpFormModelValidatorTests.swift in Sources */,
				0CAD303125DE71E2007A092C /* SignUpWebServiceTests.swift in Sources */,
				0C80050025FA498C0072E401 /* MockSignupViewDelegate.swift in Sources */,
				0C8004C025FA22F80072E401 /* MockSignupModelValidator.swift in Sources */,
				0CAD2FC325DCEC87007A092C /* SignupConstants.swift in Sources */,
			);
			runOnlyForDeploymentPostprocessing = 0;
		};
		0C13ADEA25DBA0F700A96F43 /* Sources */ = {
			isa = PBXSourcesBuildPhase;
			buildActionMask = 2147483647;
			files = (
				0C13ADF325DBA0F700A96F43 /* PhotoAppUITests.swift in Sources */,
			);
			runOnlyForDeploymentPostprocessing = 0;
		};
/* End PBXSourcesBuildPhase section */

/* Begin PBXTargetDependency section */
		0C13ADE525DBA0F600A96F43 /* PBXTargetDependency */ = {
			isa = PBXTargetDependency;
			target = 0C13ADCC25DBA0F200A96F43 /* PhotoApp */;
			targetProxy = 0C13ADE425DBA0F600A96F43 /* PBXContainerItemProxy */;
		};
		0C13ADF025DBA0F700A96F43 /* PBXTargetDependency */ = {
			isa = PBXTargetDependency;
			target = 0C13ADCC25DBA0F200A96F43 /* PhotoApp */;
			targetProxy = 0C13ADEF25DBA0F700A96F43 /* PBXContainerItemProxy */;
		};
/* End PBXTargetDependency section */

/* Begin PBXVariantGroup section */
		0C13ADD625DBA0F200A96F43 /* Main.storyboard */ = {
			isa = PBXVariantGroup;
			children = (
				0C13ADD725DBA0F200A96F43 /* Base */,
			);
			name = Main.storyboard;
			sourceTree = "<group>";
		};
		0C13ADDB25DBA0F600A96F43 /* LaunchScreen.storyboard */ = {
			isa = PBXVariantGroup;
			children = (
				0C13ADDC25DBA0F600A96F43 /* Base */,
			);
			name = LaunchScreen.storyboard;
			sourceTree = "<group>";
		};
/* End PBXVariantGroup section */

/* Begin XCBuildConfiguration section */
		0C13ADF525DBA0F700A96F43 /* Debug */ = {
			isa = XCBuildConfiguration;
			buildSettings = {
				ALWAYS_SEARCH_USER_PATHS = NO;
				CLANG_ANALYZER_NONNULL = YES;
				CLANG_ANALYZER_NUMBER_OBJECT_CONVERSION = YES_AGGRESSIVE;
				CLANG_CXX_LANGUAGE_STANDARD = "gnu++14";
				CLANG_CXX_LIBRARY = "libc++";
				CLANG_ENABLE_MODULES = YES;
				CLANG_ENABLE_OBJC_ARC = YES;
				CLANG_ENABLE_OBJC_WEAK = YES;
				CLANG_WARN_BLOCK_CAPTURE_AUTORELEASING = YES;
				CLANG_WARN_BOOL_CONVERSION = YES;
				CLANG_WARN_COMMA = YES;
				CLANG_WARN_CONSTANT_CONVERSION = YES;
				CLANG_WARN_DEPRECATED_OBJC_IMPLEMENTATIONS = YES;
				CLANG_WARN_DIRECT_OBJC_ISA_USAGE = YES_ERROR;
				CLANG_WARN_DOCUMENTATION_COMMENTS = YES;
				CLANG_WARN_EMPTY_BODY = YES;
				CLANG_WARN_ENUM_CONVERSION = YES;
				CLANG_WARN_INFINITE_RECURSION = YES;
				CLANG_WARN_INT_CONVERSION = YES;
				CLANG_WARN_NON_LITERAL_NULL_CONVERSION = YES;
				CLANG_WARN_OBJC_IMPLICIT_RETAIN_SELF = YES;
				CLANG_WARN_OBJC_LITERAL_CONVERSION = YES;
				CLANG_WARN_OBJC_ROOT_CLASS = YES_ERROR;
				CLANG_WARN_QUOTED_INCLUDE_IN_FRAMEWORK_HEADER = YES;
				CLANG_WARN_RANGE_LOOP_ANALYSIS = YES;
				CLANG_WARN_STRICT_PROTOTYPES = YES;
				CLANG_WARN_SUSPICIOUS_MOVE = YES;
				CLANG_WARN_UNGUARDED_AVAILABILITY = YES_AGGRESSIVE;
				CLANG_WARN_UNREACHABLE_CODE = YES;
				CLANG_WARN__DUPLICATE_METHOD_MATCH = YES;
				COPY_PHASE_STRIP = NO;
				DEBUG_INFORMATION_FORMAT = dwarf;
				ENABLE_STRICT_OBJC_MSGSEND = YES;
				ENABLE_TESTABILITY = YES;
				GCC_C_LANGUAGE_STANDARD = gnu11;
				GCC_DYNAMIC_NO_PIC = NO;
				GCC_NO_COMMON_BLOCKS = YES;
				GCC_OPTIMIZATION_LEVEL = 0;
				GCC_PREPROCESSOR_DEFINITIONS = (
					"DEBUG=1",
					"$(inherited)",
				);
				GCC_WARN_64_TO_32_BIT_CONVERSION = YES;
				GCC_WARN_ABOUT_RETURN_TYPE = YES_ERROR;
				GCC_WARN_UNDECLARED_SELECTOR = YES;
				GCC_WARN_UNINITIALIZED_AUTOS = YES_AGGRESSIVE;
				GCC_WARN_UNUSED_FUNCTION = YES;
				GCC_WARN_UNUSED_VARIABLE = YES;
				IPHONEOS_DEPLOYMENT_TARGET = 14.4;
				MTL_ENABLE_DEBUG_INFO = INCLUDE_SOURCE;
				MTL_FAST_MATH = YES;
				ONLY_ACTIVE_ARCH = YES;
				SDKROOT = iphoneos;
				SWIFT_ACTIVE_COMPILATION_CONDITIONS = DEBUG;
				SWIFT_OPTIMIZATION_LEVEL = "-Onone";
			};
			name = Debug;
		};
		0C13ADF625DBA0F700A96F43 /* Release */ = {
			isa = XCBuildConfiguration;
			buildSettings = {
				ALWAYS_SEARCH_USER_PATHS = NO;
				CLANG_ANALYZER_NONNULL = YES;
				CLANG_ANALYZER_NUMBER_OBJECT_CONVERSION = YES_AGGRESSIVE;
				CLANG_CXX_LANGUAGE_STANDARD = "gnu++14";
				CLANG_CXX_LIBRARY = "libc++";
				CLANG_ENABLE_MODULES = YES;
				CLANG_ENABLE_OBJC_ARC = YES;
				CLANG_ENABLE_OBJC_WEAK = YES;
				CLANG_WARN_BLOCK_CAPTURE_AUTORELEASING = YES;
				CLANG_WARN_BOOL_CONVERSION = YES;
				CLANG_WARN_COMMA = YES;
				CLANG_WARN_CONSTANT_CONVERSION = YES;
				CLANG_WARN_DEPRECATED_OBJC_IMPLEMENTATIONS = YES;
				CLANG_WARN_DIRECT_OBJC_ISA_USAGE = YES_ERROR;
				CLANG_WARN_DOCUMENTATION_COMMENTS = YES;
				CLANG_WARN_EMPTY_BODY = YES;
				CLANG_WARN_ENUM_CONVERSION = YES;
				CLANG_WARN_INFINITE_RECURSION = YES;
				CLANG_WARN_INT_CONVERSION = YES;
				CLANG_WARN_NON_LITERAL_NULL_CONVERSION = YES;
				CLANG_WARN_OBJC_IMPLICIT_RETAIN_SELF = YES;
				CLANG_WARN_OBJC_LITERAL_CONVERSION = YES;
				CLANG_WARN_OBJC_ROOT_CLASS = YES_ERROR;
				CLANG_WARN_QUOTED_INCLUDE_IN_FRAMEWORK_HEADER = YES;
				CLANG_WARN_RANGE_LOOP_ANALYSIS = YES;
				CLANG_WARN_STRICT_PROTOTYPES = YES;
				CLANG_WARN_SUSPICIOUS_MOVE = YES;
				CLANG_WARN_UNGUARDED_AVAILABILITY = YES_AGGRESSIVE;
				CLANG_WARN_UNREACHABLE_CODE = YES;
				CLANG_WARN__DUPLICATE_METHOD_MATCH = YES;
				COPY_PHASE_STRIP = NO;
				DEBUG_INFORMATION_FORMAT = "dwarf-with-dsym";
				ENABLE_NS_ASSERTIONS = NO;
				ENABLE_STRICT_OBJC_MSGSEND = YES;
				GCC_C_LANGUAGE_STANDARD = gnu11;
				GCC_NO_COMMON_BLOCKS = YES;
				GCC_WARN_64_TO_32_BIT_CONVERSION = YES;
				GCC_WARN_ABOUT_RETURN_TYPE = YES_ERROR;
				GCC_WARN_UNDECLARED_SELECTOR = YES;
				GCC_WARN_UNINITIALIZED_AUTOS = YES_AGGRESSIVE;
				GCC_WARN_UNUSED_FUNCTION = YES;
				GCC_WARN_UNUSED_VARIABLE = YES;
				IPHONEOS_DEPLOYMENT_TARGET = 14.4;
				MTL_ENABLE_DEBUG_INFO = NO;
				MTL_FAST_MATH = YES;
				SDKROOT = iphoneos;
				SWIFT_COMPILATION_MODE = wholemodule;
				SWIFT_OPTIMIZATION_LEVEL = "-O";
				VALIDATE_PRODUCT = YES;
			};
			name = Release;
		};
		0C13ADF825DBA0F700A96F43 /* Debug */ = {
			isa = XCBuildConfiguration;
			buildSettings = {
				ASSETCATALOG_COMPILER_APPICON_NAME = AppIcon;
				ASSETCATALOG_COMPILER_GLOBAL_ACCENT_COLOR_NAME = AccentColor;
				CODE_SIGN_STYLE = Automatic;
				DEVELOPMENT_TEAM = 36AJWT9L68;
				INFOPLIST_FILE = PhotoApp/Info.plist;
				LD_RUNPATH_SEARCH_PATHS = (
					"$(inherited)",
					"@executable_path/Frameworks",
				);
				PRODUCT_BUNDLE_IDENTIFIER = com.kunaltyagi.PhotoApp;
				PRODUCT_NAME = "$(TARGET_NAME)";
				SWIFT_VERSION = 5.0;
				TARGETED_DEVICE_FAMILY = "1,2";
			};
			name = Debug;
		};
		0C13ADF925DBA0F700A96F43 /* Release */ = {
			isa = XCBuildConfiguration;
			buildSettings = {
				ASSETCATALOG_COMPILER_APPICON_NAME = AppIcon;
				ASSETCATALOG_COMPILER_GLOBAL_ACCENT_COLOR_NAME = AccentColor;
				CODE_SIGN_STYLE = Automatic;
				DEVELOPMENT_TEAM = 36AJWT9L68;
				INFOPLIST_FILE = PhotoApp/Info.plist;
				LD_RUNPATH_SEARCH_PATHS = (
					"$(inherited)",
					"@executable_path/Frameworks",
				);
				PRODUCT_BUNDLE_IDENTIFIER = com.kunaltyagi.PhotoApp;
				PRODUCT_NAME = "$(TARGET_NAME)";
				SWIFT_VERSION = 5.0;
				TARGETED_DEVICE_FAMILY = "1,2";
			};
			name = Release;
		};
		0C13ADFB25DBA0F700A96F43 /* Debug */ = {
			isa = XCBuildConfiguration;
			buildSettings = {
				ALWAYS_EMBED_SWIFT_STANDARD_LIBRARIES = YES;
				BUNDLE_LOADER = "$(TEST_HOST)";
				CODE_SIGN_STYLE = Automatic;
				DEVELOPMENT_TEAM = 36AJWT9L68;
				INFOPLIST_FILE = PhotoAppTests/Info.plist;
				IPHONEOS_DEPLOYMENT_TARGET = 14.4;
				LD_RUNPATH_SEARCH_PATHS = (
					"$(inherited)",
					"@executable_path/Frameworks",
					"@loader_path/Frameworks",
				);
				PRODUCT_BUNDLE_IDENTIFIER = com.kunaltyagi.PhotoAppTests;
				PRODUCT_NAME = "$(TARGET_NAME)";
				SWIFT_VERSION = 5.0;
				TARGETED_DEVICE_FAMILY = "1,2";
				TEST_HOST = "$(BUILT_PRODUCTS_DIR)/PhotoApp.app/PhotoApp";
			};
			name = Debug;
		};
		0C13ADFC25DBA0F700A96F43 /* Release */ = {
			isa = XCBuildConfiguration;
			buildSettings = {
				ALWAYS_EMBED_SWIFT_STANDARD_LIBRARIES = YES;
				BUNDLE_LOADER = "$(TEST_HOST)";
				CODE_SIGN_STYLE = Automatic;
				DEVELOPMENT_TEAM = 36AJWT9L68;
				INFOPLIST_FILE = PhotoAppTests/Info.plist;
				IPHONEOS_DEPLOYMENT_TARGET = 14.4;
				LD_RUNPATH_SEARCH_PATHS = (
					"$(inherited)",
					"@executable_path/Frameworks",
					"@loader_path/Frameworks",
				);
				PRODUCT_BUNDLE_IDENTIFIER = com.kunaltyagi.PhotoAppTests;
				PRODUCT_NAME = "$(TARGET_NAME)";
				SWIFT_VERSION = 5.0;
				TARGETED_DEVICE_FAMILY = "1,2";
				TEST_HOST = "$(BUILT_PRODUCTS_DIR)/PhotoApp.app/PhotoApp";
			};
			name = Release;
		};
		0C13ADFE25DBA0F700A96F43 /* Debug */ = {
			isa = XCBuildConfiguration;
			buildSettings = {
				ALWAYS_EMBED_SWIFT_STANDARD_LIBRARIES = YES;
				CODE_SIGN_STYLE = Automatic;
				DEVELOPMENT_TEAM = 36AJWT9L68;
				INFOPLIST_FILE = PhotoAppUITests/Info.plist;
				LD_RUNPATH_SEARCH_PATHS = (
					"$(inherited)",
					"@executable_path/Frameworks",
					"@loader_path/Frameworks",
				);
				PRODUCT_BUNDLE_IDENTIFIER = com.kunaltyagi.PhotoAppUITests;
				PRODUCT_NAME = "$(TARGET_NAME)";
				SWIFT_VERSION = 5.0;
				TARGETED_DEVICE_FAMILY = "1,2";
				TEST_TARGET_NAME = PhotoApp;
			};
			name = Debug;
		};
		0C13ADFF25DBA0F700A96F43 /* Release */ = {
			isa = XCBuildConfiguration;
			buildSettings = {
				ALWAYS_EMBED_SWIFT_STANDARD_LIBRARIES = YES;
				CODE_SIGN_STYLE = Automatic;
				DEVELOPMENT_TEAM = 36AJWT9L68;
				INFOPLIST_FILE = PhotoAppUITests/Info.plist;
				LD_RUNPATH_SEARCH_PATHS = (
					"$(inherited)",
					"@executable_path/Frameworks",
					"@loader_path/Frameworks",
				);
				PRODUCT_BUNDLE_IDENTIFIER = com.kunaltyagi.PhotoAppUITests;
				PRODUCT_NAME = "$(TARGET_NAME)";
				SWIFT_VERSION = 5.0;
				TARGETED_DEVICE_FAMILY = "1,2";
				TEST_TARGET_NAME = PhotoApp;
			};
			name = Release;
		};
/* End XCBuildConfiguration section */

/* Begin XCConfigurationList section */
		0C13ADC825DBA0F200A96F43 /* Build configuration list for PBXProject "PhotoApp" */ = {
			isa = XCConfigurationList;
			buildConfigurations = (
				0C13ADF525DBA0F700A96F43 /* Debug */,
				0C13ADF625DBA0F700A96F43 /* Release */,
			);
			defaultConfigurationIsVisible = 0;
			defaultConfigurationName = Release;
		};
		0C13ADF725DBA0F700A96F43 /* Build configuration list for PBXNativeTarget "PhotoApp" */ = {
			isa = XCConfigurationList;
			buildConfigurations = (
				0C13ADF825DBA0F700A96F43 /* Debug */,
				0C13ADF925DBA0F700A96F43 /* Release */,
			);
			defaultConfigurationIsVisible = 0;
			defaultConfigurationName = Release;
		};
		0C13ADFA25DBA0F700A96F43 /* Build configuration list for PBXNativeTarget "PhotoAppTests" */ = {
			isa = XCConfigurationList;
			buildConfigurations = (
				0C13ADFB25DBA0F700A96F43 /* Debug */,
				0C13ADFC25DBA0F700A96F43 /* Release */,
			);
			defaultConfigurationIsVisible = 0;
			defaultConfigurationName = Release;
		};
		0C13ADFD25DBA0F700A96F43 /* Build configuration list for PBXNativeTarget "PhotoAppUITests" */ = {
			isa = XCConfigurationList;
			buildConfigurations = (
				0C13ADFE25DBA0F700A96F43 /* Debug */,
				0C13ADFF25DBA0F700A96F43 /* Release */,
			);
			defaultConfigurationIsVisible = 0;
			defaultConfigurationName = Release;
		};
/* End XCConfigurationList section */
	};
	rootObject = 0C13ADC525DBA0F200A96F43 /* Project object */;
}
